// !$*UTF8*$!
{
	archiveVersion = 1;
	classes = {
	};
	objectVersion = 55;
	objects = {

/* Begin PBXBuildFile section */
		09D0ED3F268A42C50041B5EB /* main.swift in Sources */ = {isa = PBXBuildFile; fileRef = 09D0ED3E268A42C50041B5EB /* main.swift */; };
		09D0ED56268A4A440041B5EB /* librs.a in Frameworks */ = {isa = PBXBuildFile; fileRef = 09D0ED55268A49FD0041B5EB /* librs.a */; };
/* End PBXBuildFile section */

/* Begin PBXContainerItemProxy section */
		09D0ED54268A49FD0041B5EB /* PBXContainerItemProxy */ = {
			isa = PBXContainerItemProxy;
			containerPortal = 09D0ED4F268A49FD0041B5EB /* rs.xcodeproj */;
			proxyType = 2;
			remoteGlobalIDString = CA608EBCA4FB959841FFD610;
			remoteInfo = "rs-staticlib";
		};
/* End PBXContainerItemProxy section */

/* Begin PBXCopyFilesBuildPhase section */
		09D0ED39268A42C50041B5EB /* CopyFiles */ = {
			isa = PBXCopyFilesBuildPhase;
			buildActionMask = 2147483647;
			dstPath = /usr/share/man/man1/;
			dstSubfolderSpec = 0;
			files = (
			);
			runOnlyForDeploymentPostprocessing = 1;
		};
/* End PBXCopyFilesBuildPhase section */

/* Begin PBXFileReference section */
		09D0ED3B268A42C50041B5EB /* HeyRust */ = {isa = PBXFileReference; explicitFileType = "compiled.mach-o.executable"; includeInIndex = 0; path = HeyRust; sourceTree = BUILT_PRODUCTS_DIR; };
		09D0ED3E268A42C50041B5EB /* main.swift */ = {isa = PBXFileReference; lastKnownFileType = sourcecode.swift; path = main.swift; sourceTree = "<group>"; };
		09D0ED4D268A49130041B5EB /* librs.rlib */ = {isa = PBXFileReference; lastKnownFileType = archive.ar; name = librs.rlib; path = HeyRust/rs/target/debug/librs.rlib; sourceTree = "<group>"; };
		09D0ED4F268A49FD0041B5EB /* rs.xcodeproj */ = {isa = PBXFileReference; lastKnownFileType = "wrapper.pb-project"; name = rs.xcodeproj; path = HeyRust/rs/rs.xcodeproj; sourceTree = "<group>"; };
		09D0ED58268A53F40041B5EB /* rs.h */ = {isa = PBXFileReference; lastKnownFileType = sourcecode.c.h; path = rs.h; sourceTree = "<group>"; };
		09D0ED59268A54F80041B5EB /* HeyRust-Bridging-Header.h */ = {isa = PBXFileReference; lastKnownFileType = sourcecode.c.h; path = "HeyRust-Bridging-Header.h"; sourceTree = "<group>"; };
/* End PBXFileReference section */

/* Begin PBXFrameworksBuildPhase section */
		09D0ED38268A42C50041B5EB /* Frameworks */ = {
			isa = PBXFrameworksBuildPhase;
			buildActionMask = 2147483647;
			files = (
				09D0ED56268A4A440041B5EB /* librs.a in Frameworks */,
			);
			runOnlyForDeploymentPostprocessing = 0;
		};
/* End PBXFrameworksBuildPhase section */

/* Begin PBXGroup section */
		09D0ED32268A42C50041B5EB = {
			isa = PBXGroup;
			children = (
				09D0ED4F268A49FD0041B5EB /* rs.xcodeproj */,
				09D0ED3D268A42C50041B5EB /* HeyRust */,
				09D0ED3C268A42C50041B5EB /* Products */,
				09D0ED4C268A49130041B5EB /* Frameworks */,
			);
			sourceTree = "<group>";
		};
		09D0ED3C268A42C50041B5EB /* Products */ = {
			isa = PBXGroup;
			children = (
				09D0ED3B268A42C50041B5EB /* HeyRust */,
			);
			name = Products;
			sourceTree = "<group>";
		};
		09D0ED3D268A42C50041B5EB /* HeyRust */ = {
			isa = PBXGroup;
			children = (
				09D0ED3E268A42C50041B5EB /* main.swift */,
				09D0ED58268A53F40041B5EB /* rs.h */,
				09D0ED59268A54F80041B5EB /* HeyRust-Bridging-Header.h */,
			);
			path = HeyRust;
			sourceTree = "<group>";
		};
		09D0ED4C268A49130041B5EB /* Frameworks */ = {
			isa = PBXGroup;
			children = (
				09D0ED4D268A49130041B5EB /* librs.rlib */,
			);
			name = Frameworks;
			sourceTree = "<group>";
		};
		09D0ED50268A49FD0041B5EB /* Products */ = {
			isa = PBXGroup;
			children = (
				09D0ED55268A49FD0041B5EB /* librs.a */,
			);
			name = Products;
			sourceTree = "<group>";
		};
/* End PBXGroup section */

/* Begin PBXNativeTarget section */
		09D0ED3A268A42C50041B5EB /* HeyRust */ = {
			isa = PBXNativeTarget;
			buildConfigurationList = 09D0ED42268A42C50041B5EB /* Build configuration list for PBXNativeTarget "HeyRust" */;
			buildPhases = (
				09D0ED37268A42C50041B5EB /* Sources */,
				09D0ED38268A42C50041B5EB /* Frameworks */,
				09D0ED39268A42C50041B5EB /* CopyFiles */,
			);
			buildRules = (
			);
			dependencies = (
			);
			name = HeyRust;
			productName = HeyRust;
			productReference = 09D0ED3B268A42C50041B5EB /* HeyRust */;
			productType = "com.apple.product-type.tool";
		};
/* End PBXNativeTarget section */

/* Begin PBXProject section */
		09D0ED33268A42C50041B5EB /* Project object */ = {
			isa = PBXProject;
			attributes = {
				BuildIndependentTargetsInParallel = 1;
				LastSwiftUpdateCheck = 1300;
				LastUpgradeCheck = 1300;
				TargetAttributes = {
					09D0ED3A268A42C50041B5EB = {
						CreatedOnToolsVersion = 13.0;
						LastSwiftMigration = 1300;
					};
				};
			};
			buildConfigurationList = 09D0ED36268A42C50041B5EB /* Build configuration list for PBXProject "HeyRust" */;
			compatibilityVersion = "Xcode 13.0";
			developmentRegion = en;
			hasScannedForEncodings = 0;
			knownRegions = (
				en,
				Base,
			);
			mainGroup = 09D0ED32268A42C50041B5EB;
			productRefGroup = 09D0ED3C268A42C50041B5EB /* Products */;
			projectDirPath = "";
			projectReferences = (
				{
					ProductGroup = 09D0ED50268A49FD0041B5EB /* Products */;
					ProjectRef = 09D0ED4F268A49FD0041B5EB /* rs.xcodeproj */;
				},
			);
			projectRoot = "";
			targets = (
				09D0ED3A268A42C50041B5EB /* HeyRust */,
			);
		};
/* End PBXProject section */

/* Begin PBXReferenceProxy section */
		09D0ED55268A49FD0041B5EB /* librs.a */ = {
			isa = PBXReferenceProxy;
			fileType = archive.ar;
			path = librs.a;
			remoteRef = 09D0ED54268A49FD0041B5EB /* PBXContainerItemProxy */;
			sourceTree = BUILT_PRODUCTS_DIR;
		};
/* End PBXReferenceProxy section */

/* Begin PBXSourcesBuildPhase section */
		09D0ED37268A42C50041B5EB /* Sources */ = {
			isa = PBXSourcesBuildPhase;
			buildActionMask = 2147483647;
			files = (
				09D0ED3F268A42C50041B5EB /* main.swift in Sources */,
			);
			runOnlyForDeploymentPostprocessing = 0;
		};
/* End PBXSourcesBuildPhase section */

/* Begin XCBuildConfiguration section */
		09D0ED40268A42C50041B5EB /* Debug */ = {
			isa = XCBuildConfiguration;
			buildSettings = {
				ALWAYS_SEARCH_USER_PATHS = NO;
				CLANG_ANALYZER_NONNULL = YES;
				CLANG_ANALYZER_NUMBER_OBJECT_CONVERSION = YES_AGGRESSIVE;
				CLANG_CXX_LANGUAGE_STANDARD = "gnu++14";
				CLANG_CXX_LIBRARY = "libc++";
				CLANG_ENABLE_MODULES = YES;
				CLANG_ENABLE_OBJC_ARC = YES;
				CLANG_ENABLE_OBJC_WEAK = YES;
				CLANG_WARN_BLOCK_CAPTURE_AUTORELEASING = YES;
				CLANG_WARN_BOOL_CONVERSION = YES;
				CLANG_WARN_COMMA = YES;
				CLANG_WARN_CONSTANT_CONVERSION = YES;
				CLANG_WARN_DEPRECATED_OBJC_IMPLEMENTATIONS = YES;
				CLANG_WARN_DIRECT_OBJC_ISA_USAGE = YES_ERROR;
				CLANG_WARN_DOCUMENTATION_COMMENTS = YES;
				CLANG_WARN_EMPTY_BODY = YES;
				CLANG_WARN_ENUM_CONVERSION = YES;
				CLANG_WARN_INFINITE_RECURSION = YES;
				CLANG_WARN_INT_CONVERSION = YES;
				CLANG_WARN_NON_LITERAL_NULL_CONVERSION = YES;
				CLANG_WARN_OBJC_IMPLICIT_RETAIN_SELF = YES;
				CLANG_WARN_OBJC_LITERAL_CONVERSION = YES;
				CLANG_WARN_OBJC_ROOT_CLASS = YES_ERROR;
				CLANG_WARN_QUOTED_INCLUDE_IN_FRAMEWORK_HEADER = YES;
				CLANG_WARN_RANGE_LOOP_ANALYSIS = YES;
				CLANG_WARN_STRICT_PROTOTYPES = YES;
				CLANG_WARN_SUSPICIOUS_MOVE = YES;
				CLANG_WARN_UNGUARDED_AVAILABILITY = YES_AGGRESSIVE;
				CLANG_WARN_UNREACHABLE_CODE = YES;
				CLANG_WARN__DUPLICATE_METHOD_MATCH = YES;
				COPY_PHASE_STRIP = NO;
				DEBUG_INFORMATION_FORMAT = dwarf;
				ENABLE_STRICT_OBJC_MSGSEND = YES;
				ENABLE_TESTABILITY = YES;
				GCC_C_LANGUAGE_STANDARD = gnu11;
				GCC_DYNAMIC_NO_PIC = NO;
				GCC_NO_COMMON_BLOCKS = YES;
				GCC_OPTIMIZATION_LEVEL = 0;
				GCC_PREPROCESSOR_DEFINITIONS = (
					"DEBUG=1",
					"$(inherited)",
				);
				GCC_WARN_64_TO_32_BIT_CONVERSION = YES;
				GCC_WARN_ABOUT_RETURN_TYPE = YES_ERROR;
				GCC_WARN_UNDECLARED_SELECTOR = YES;
				GCC_WARN_UNINITIALIZED_AUTOS = YES_AGGRESSIVE;
				GCC_WARN_UNUSED_FUNCTION = YES;
				GCC_WARN_UNUSED_VARIABLE = YES;
				MACOSX_DEPLOYMENT_TARGET = 11.4;
				MTL_ENABLE_DEBUG_INFO = INCLUDE_SOURCE;
				MTL_FAST_MATH = YES;
				ONLY_ACTIVE_ARCH = YES;
				SDKROOT = macosx;
				SWIFT_ACTIVE_COMPILATION_CONDITIONS = DEBUG;
				SWIFT_OPTIMIZATION_LEVEL = "-Onone";
			};
			name = Debug;
		};
		09D0ED41268A42C50041B5EB /* Release */ = {
			isa = XCBuildConfiguration;
			buildSettings = {
				ALWAYS_SEARCH_USER_PATHS = NO;
				CLANG_ANALYZER_NONNULL = YES;
				CLANG_ANALYZER_NUMBER_OBJECT_CONVERSION = YES_AGGRESSIVE;
				CLANG_CXX_LANGUAGE_STANDARD = "gnu++14";
				CLANG_CXX_LIBRARY = "libc++";
				CLANG_ENABLE_MODULES = YES;
				CLANG_ENABLE_OBJC_ARC = YES;
				CLANG_ENABLE_OBJC_WEAK = YES;
				CLANG_WARN_BLOCK_CAPTURE_AUTORELEASING = YES;
				CLANG_WARN_BOOL_CONVERSION = YES;
				CLANG_WARN_COMMA = YES;
				CLANG_WARN_CONSTANT_CONVERSION = YES;
				CLANG_WARN_DEPRECATED_OBJC_IMPLEMENTATIONS = YES;
				CLANG_WARN_DIRECT_OBJC_ISA_USAGE = YES_ERROR;
				CLANG_WARN_DOCUMENTATION_COMMENTS = YES;
				CLANG_WARN_EMPTY_BODY = YES;
				CLANG_WARN_ENUM_CONVERSION = YES;
				CLANG_WARN_INFINITE_RECURSION = YES;
				CLANG_WARN_INT_CONVERSION = YES;
				CLANG_WARN_NON_LITERAL_NULL_CONVERSION = YES;
				CLANG_WARN_OBJC_IMPLICIT_RETAIN_SELF = YES;
				CLANG_WARN_OBJC_LITERAL_CONVERSION = YES;
				CLANG_WARN_OBJC_ROOT_CLASS = YES_ERROR;
				CLANG_WARN_QUOTED_INCLUDE_IN_FRAMEWORK_HEADER = YES;
				CLANG_WARN_RANGE_LOOP_ANALYSIS = YES;
				CLANG_WARN_STRICT_PROTOTYPES = YES;
				CLANG_WARN_SUSPICIOUS_MOVE = YES;
				CLANG_WARN_UNGUARDED_AVAILABILITY = YES_AGGRESSIVE;
				CLANG_WARN_UNREACHABLE_CODE = YES;
				CLANG_WARN__DUPLICATE_METHOD_MATCH = YES;
				COPY_PHASE_STRIP = NO;
				DEBUG_INFORMATION_FORMAT = "dwarf-with-dsym";
				ENABLE_NS_ASSERTIONS = NO;
				ENABLE_STRICT_OBJC_MSGSEND = YES;
				GCC_C_LANGUAGE_STANDARD = gnu11;
				GCC_NO_COMMON_BLOCKS = YES;
				GCC_WARN_64_TO_32_BIT_CONVERSION = YES;
				GCC_WARN_ABOUT_RETURN_TYPE = YES_ERROR;
				GCC_WARN_UNDECLARED_SELECTOR = YES;
				GCC_WARN_UNINITIALIZED_AUTOS = YES_AGGRESSIVE;
				GCC_WARN_UNUSED_FUNCTION = YES;
				GCC_WARN_UNUSED_VARIABLE = YES;
				MACOSX_DEPLOYMENT_TARGET = 11.4;
				MTL_ENABLE_DEBUG_INFO = NO;
				MTL_FAST_MATH = YES;
				SDKROOT = macosx;
				SWIFT_COMPILATION_MODE = wholemodule;
				SWIFT_OPTIMIZATION_LEVEL = "-O";
			};
			name = Release;
		};
		09D0ED43268A42C50041B5EB /* Debug */ = {
			isa = XCBuildConfiguration;
			buildSettings = {
				CLANG_ENABLE_MODULES = YES;
				CODE_SIGN_STYLE = Automatic;
				DEVELOPMENT_TEAM = 6SW52X6X86;
				ENABLE_HARDENED_RUNTIME = YES;
				LD_RUNPATH_SEARCH_PATHS = (
					"$(inherited)",
					"@executable_path/../Frameworks",
					"@loader_path/../Frameworks",
				);
				LIBRARY_SEARCH_PATHS = (
					"$(inherited)",
					"$(PROJECT_DIR)/HeyRust/rs/target/debug",
				);
				MACOSX_DEPLOYMENT_TARGET = 11.4;
				PRODUCT_NAME = "$(TARGET_NAME)";
				SWIFT_OBJC_BRIDGING_HEADER = "HeyRust/HeyRust-Bridging-Header.h";
				SWIFT_OPTIMIZATION_LEVEL = "-Onone";
				SWIFT_VERSION = 5.0;
			};
			name = Debug;
		};
		09D0ED44268A42C50041B5EB /* Release */ = {
			isa = XCBuildConfiguration;
			buildSettings = {
				CLANG_ENABLE_MODULES = YES;
				CODE_SIGN_STYLE = Automatic;
				DEVELOPMENT_TEAM = 6SW52X6X86;
				ENABLE_HARDENED_RUNTIME = YES;
				LD_RUNPATH_SEARCH_PATHS = (
					"$(inherited)",
					"@executable_path/../Frameworks",
					"@loader_path/../Frameworks",
				);
				LIBRARY_SEARCH_PATHS = (
					"$(inherited)",
					"$(PROJECT_DIR)/HeyRust/rs/target/debug",
				);
				MACOSX_DEPLOYMENT_TARGET = 11.4;
				PRODUCT_NAME = "$(TARGET_NAME)";
				SWIFT_OBJC_BRIDGING_HEADER = "HeyRust/HeyRust-Bridging-Header.h";
				SWIFT_VERSION = 5.0;
			};
			name = Release;
		};
/* End XCBuildConfiguration section */

/* Begin XCConfigurationList section */
		09D0ED36268A42C50041B5EB /* Build configuration list for PBXProject "HeyRust" */ = {
			isa = XCConfigurationList;
			buildConfigurations = (
				09D0ED40268A42C50041B5EB /* Debug */,
				09D0ED41268A42C50041B5EB /* Release */,
			);
			defaultConfigurationIsVisible = 0;
			defaultConfigurationName = Release;
		};
		09D0ED42268A42C50041B5EB /* Build configuration list for PBXNativeTarget "HeyRust" */ = {
			isa = XCConfigurationList;
			buildConfigurations = (
				09D0ED43268A42C50041B5EB /* Debug */,
				09D0ED44268A42C50041B5EB /* Release */,
			);
			defaultConfigurationIsVisible = 0;
			defaultConfigurationName = Release;
		};
/* End XCConfigurationList section */
	};
	rootObject = 09D0ED33268A42C50041B5EB /* Project object */;
}
